
Microsoft Visual Studio Solution File, Format Version 12.00
# Visual Studio Version 16
VisualStudioVersion = 16.0.810.11
MinimumVisualStudioVersion = 10.0.40219.1
Project("{FAE04EC0-301F-11D3-BF4B-00C04F79EFBC}") = "RangeSliderSample.Android", "RangeSliderSample.Android\RangeSliderSample.Android.csproj", "{0B323CA1-B9F0-4770-B3DB-97EF50466D08}"
EndProject
Project("{FAE04EC0-301F-11D3-BF4B-00C04F79EFBC}") = "RangeSliderSample.iOS", "RangeSliderSample.iOS\RangeSliderSample.iOS.csproj", "{B219F03B-4EFB-49B1-91FF-526F917A5A9F}"
EndProject
Project("{FAE04EC0-301F-11D3-BF4B-00C04F79EFBC}") = "RangeSliderSample", "RangeSliderSample\RangeSliderSample.csproj", "{2E18BF85-C61E-463B-9A12-336957AEAD8D}"
EndProject
Global
	GlobalSection(SolutionConfigurationPlatforms) = preSolution
		Debug|Any CPU = Debug|Any CPU
		Release|Any CPU = Release|Any CPU
		Debug|iPhoneSimulator = Debug|iPhoneSimulator
		Release|iPhoneSimulator = Release|iPhoneSimulator
		Debug|iPhone = Debug|iPhone
		Release|iPhone = Release|iPhone
	EndGlobalSection
	GlobalSection(ProjectConfigurationPlatforms) = postSolution
		{0B323CA1-B9F0-4770-B3DB-97EF50466D08}.Debug|Any CPU.ActiveCfg = Debug|Any CPU
		{0B323CA1-B9F0-4770-B3DB-97EF50466D08}.Debug|Any CPU.Build.0 = Debug|Any CPU
		{0B323CA1-B9F0-4770-B3DB-97EF50466D08}.Release|Any CPU.ActiveCfg = Release|Any CPU
		{0B323CA1-B9F0-4770-B3DB-97EF50466D08}.Release|Any CPU.Build.0 = Release|Any CPU
		{0B323CA1-B9F0-4770-B3DB-97EF50466D08}.Debug|iPhoneSimulator.ActiveCfg = Debug|Any CPU
		{0B323CA1-B9F0-4770-B3DB-97EF50466D08}.Debug|iPhoneSimulator.Build.0 = Debug|Any CPU
		{0B323CA1-B9F0-4770-B3DB-97EF50466D08}.Release|iPhoneSimulator.ActiveCfg = Release|Any CPU
		{0B323CA1-B9F0-4770-B3DB-97EF50466D08}.Release|iPhoneSimulator.Build.0 = Release|Any CPU
		{0B323CA1-B9F0-4770-B3DB-97EF50466D08}.Debug|iPhone.ActiveCfg = Debug|Any CPU
		{0B323CA1-B9F0-4770-B3DB-97EF50466D08}.Debug|iPhone.Build.0 = Debug|Any CPU
		{0B323CA1-B9F0-4770-B3DB-97EF50466D08}.Release|iPhone.ActiveCfg = Release|Any CPU
		{0B323CA1-B9F0-4770-B3DB-97EF50466D08}.Release|iPhone.Build.0 = Release|Any CPU
		{B219F03B-4EFB-49B1-91FF-526F917A5A9F}.Debug|Any CPU.ActiveCfg = Debug|iPhoneSimulator
		{B219F03B-4EFB-49B1-91FF-526F917A5A9F}.Debug|Any CPU.Build.0 = Debug|iPhoneSimulator
		{B219F03B-4EFB-49B1-91FF-526F917A5A9F}.Release|Any CPU.ActiveCfg = Release|iPhoneSimulator
		{B219F03B-4EFB-49B1-91FF-526F917A5A9F}.Release|Any CPU.Build.0 = Release|iPhoneSimulator
		{B219F03B-4EFB-49B1-91FF-526F917A5A9F}.Debug|iPhoneSimulator.ActiveCfg = Debug|iPhoneSimulator
		{B219F03B-4EFB-49B1-91FF-526F917A5A9F}.Debug|iPhoneSimulator.Build.0 = Debug|iPhoneSimulator
		{B219F03B-4EFB-49B1-91FF-526F917A5A9F}.Release|iPhoneSimulator.ActiveCfg = Release|iPhoneSimulator
		{B219F03B-4EFB-49B1-91FF-526F917A5A9F}.Release|iPhoneSimulator.Build.0 = Release|iPhoneSimulator
		{B219F03B-4EFB-49B1-91FF-526F917A5A9F}.Debug|iPhone.ActiveCfg = Debug|iPhone
		{B219F03B-4EFB-49B1-91FF-526F917A5A9F}.Debug|iPhone.Build.0 = Debug|iPhone
		{B219F03B-4EFB-49B1-91FF-526F917A5A9F}.Release|iPhone.ActiveCfg = Release|iPhone
		{B219F03B-4EFB-49B1-91FF-526F917A5A9F}.Release|iPhone.Build.0 = Release|iPhone
		{2E18BF85-C61E-463B-9A12-336957AEAD8D}.Debug|Any CPU.ActiveCfg = Debug|Any CPU
		{2E18BF85-C61E-463B-9A12-336957AEAD8D}.Debug|Any CPU.Build.0 = Debug|Any CPU
		{2E18BF85-C61E-463B-9A12-336957AEAD8D}.Release|Any CPU.ActiveCfg = Release|Any CPU
		{2E18BF85-C61E-463B-9A12-336957AEAD8D}.Release|Any CPU.Build.0 = Release|Any CPU
		{2E18BF85-C61E-463B-9A12-336957AEAD8D}.Debug|iPhoneSimulator.ActiveCfg = Debug|Any CPU
		{2E18BF85-C61E-463B-9A12-336957AEAD8D}.Debug|iPhoneSimulator.Build.0 = Debug|Any CPU
		{2E18BF85-C61E-463B-9A12-336957AEAD8D}.Release|iPhoneSimulator.ActiveCfg = Release|Any CPU
		{2E18BF85-C61E-463B-9A12-336957AEAD8D}.Release|iPhoneSimulator.Build.0 = Release|Any CPU
		{2E18BF85-C61E-463B-9A12-336957AEAD8D}.Debug|iPhone.ActiveCfg = Debug|Any CPU
		{2E18BF85-C61E-463B-9A12-336957AEAD8D}.Debug|iPhone.Build.0 = Debug|Any CPU
		{2E18BF85-C61E-463B-9A12-336957AEAD8D}.Release|iPhone.ActiveCfg = Release|Any CPU
		{2E18BF85-C61E-463B-9A12-336957AEAD8D}.Release|iPhone.Build.0 = Release|Any CPU
	EndGlobalSection
	GlobalSection(SolutionProperties) = preSolution
		HideSolutionNode = FALSE
	EndGlobalSection
	GlobalSection(ExtensibilityGlobals) = postSolution
		SolutionGuid = {7CEA1332-13F2-4697-9E00-59913DBCAD8E}
	EndGlobalSection
EndGlobal
